
Microsoft Visual Studio Solution File, Format Version 12.00
# Visual Studio Version 17
VisualStudioVersion = 17.11.35208.52
MinimumVisualStudioVersion = 10.0.40219.1
Project("{FAE04EC0-301F-11D3-BF4B-00C04F79EFBC}") = "task2", "task2\task2.csproj", "{1B8D3E88-1156-4B52-9AAE-A92AA901400B}"
EndProject
Global
	GlobalSection(SolutionConfigurationPlatforms) = preSolution
		Debug|Any CPU = Debug|Any CPU
		Release|Any CPU = Release|Any CPU
	EndGlobalSection
	GlobalSection(ProjectConfigurationPlatforms) = postSolution
		{1B8D3E88-1156-4B52-9AAE-A92AA901400B}.Debug|Any CPU.ActiveCfg = Debug|Any CPU
		{1B8D3E88-1156-4B52-9AAE-A92AA901400B}.Debug|Any CPU.Build.0 = Debug|Any CPU
		{1B8D3E88-1156-4B52-9AAE-A92AA901400B}.Release|Any CPU.ActiveCfg = Release|Any CPU
		{1B8D3E88-1156-4B52-9AAE-A92AA901400B}.Release|Any CPU.Build.0 = Release|Any CPU
	EndGlobalSection
	GlobalSection(SolutionProperties) = preSolution
		HideSolutionNode = FALSE
	EndGlobalSection
	GlobalSection(ExtensibilityGlobals) = postSolution
		SolutionGuid = {1CDAFB7A-60A1-4AE2-99E9-DE21E6A2371D}
	EndGlobalSection
EndGlobal
